// !$*UTF8*$!
{
	archiveVersion = 1;
	classes = {
	};
	objectVersion = 46;
	objects = {

/* Begin PBXBuildFile section */
		6674168E1DEAD83B001861DB /* Doctor.swift in Sources */ = {isa = PBXBuildFile; fileRef = 6674168D1DEAD83B001861DB /* Doctor.swift */; };
		667416901DEAD8DF001861DB /* DoctorTableViewController.swift in Sources */ = {isa = PBXBuildFile; fileRef = 6674168F1DEAD8DF001861DB /* DoctorTableViewController.swift */; };
		667416921DEAEA73001861DB /* DoctorCell.swift in Sources */ = {isa = PBXBuildFile; fileRef = 667416911DEAEA73001861DB /* DoctorCell.swift */; };
		66BCD3F51DDAC9FE00C7180D /* AppDelegate.swift in Sources */ = {isa = PBXBuildFile; fileRef = 66BCD3F41DDAC9FE00C7180D /* AppDelegate.swift */; };
		66BCD3F71DDAC9FE00C7180D /* ViewController.swift in Sources */ = {isa = PBXBuildFile; fileRef = 66BCD3F61DDAC9FE00C7180D /* ViewController.swift */; };
		66BCD3FA1DDAC9FE00C7180D /* Main.storyboard in Resources */ = {isa = PBXBuildFile; fileRef = 66BCD3F81DDAC9FE00C7180D /* Main.storyboard */; };
		66BCD3FC1DDAC9FE00C7180D /* Assets.xcassets in Resources */ = {isa = PBXBuildFile; fileRef = 66BCD3FB1DDAC9FE00C7180D /* Assets.xcassets */; };
		66BCD3FF1DDAC9FE00C7180D /* LaunchScreen.storyboard in Resources */ = {isa = PBXBuildFile; fileRef = 66BCD3FD1DDAC9FE00C7180D /* LaunchScreen.storyboard */; };
		66BCD4151DDAC9FE00C7180D /* PDD_test1UITests.swift in Sources */ = {isa = PBXBuildFile; fileRef = 66BCD4141DDAC9FE00C7180D /* PDD_test1UITests.swift */; };
/* End PBXBuildFile section */

/* Begin PBXContainerItemProxy section */
		66BCD4061DDAC9FE00C7180D /* PBXContainerItemProxy */ = {
			isa = PBXContainerItemProxy;
			containerPortal = 66BCD3E91DDAC9FE00C7180D /* Project object */;
			proxyType = 1;
			remoteGlobalIDString = 66BCD3F01DDAC9FE00C7180D;
			remoteInfo = PDD_test1;
		};
		66BCD4111DDAC9FE00C7180D /* PBXContainerItemProxy */ = {
			isa = PBXContainerItemProxy;
			containerPortal = 66BCD3E91DDAC9FE00C7180D /* Project object */;
			proxyType = 1;
			remoteGlobalIDString = 66BCD3F01DDAC9FE00C7180D;
			remoteInfo = PDD_test1;
		};
/* End PBXContainerItemProxy section */

/* Begin PBXFileReference section */
		6674168D1DEAD83B001861DB /* Doctor.swift */ = {isa = PBXFileReference; fileEncoding = 4; lastKnownFileType = sourcecode.swift; path = Doctor.swift; sourceTree = "<group>"; };
		6674168F1DEAD8DF001861DB /* DoctorTableViewController.swift */ = {isa = PBXFileReference; fileEncoding = 4; lastKnownFileType = sourcecode.swift; path = DoctorTableViewController.swift; sourceTree = "<group>"; };
		667416911DEAEA73001861DB /* DoctorCell.swift */ = {isa = PBXFileReference; fileEncoding = 4; lastKnownFileType = sourcecode.swift; path = DoctorCell.swift; sourceTree = "<group>"; };
		66BCD3F11DDAC9FE00C7180D /* PDD.app */ = {isa = PBXFileReference; explicitFileType = wrapper.application; includeInIndex = 0; path = PDD.app; sourceTree = BUILT_PRODUCTS_DIR; };
		66BCD3F41DDAC9FE00C7180D /* AppDelegate.swift */ = {isa = PBXFileReference; lastKnownFileType = sourcecode.swift; path = AppDelegate.swift; sourceTree = "<group>"; };
		66BCD3F61DDAC9FE00C7180D /* ViewController.swift */ = {isa = PBXFileReference; lastKnownFileType = sourcecode.swift; path = ViewController.swift; sourceTree = "<group>"; };
		66BCD3F91DDAC9FE00C7180D /* Base */ = {isa = PBXFileReference; lastKnownFileType = file.storyboard; name = Base; path = Base.lproj/Main.storyboard; sourceTree = "<group>"; };
		66BCD3FB1DDAC9FE00C7180D /* Assets.xcassets */ = {isa = PBXFileReference; lastKnownFileType = folder.assetcatalog; path = Assets.xcassets; sourceTree = "<group>"; };
		66BCD3FE1DDAC9FE00C7180D /* Base */ = {isa = PBXFileReference; lastKnownFileType = file.storyboard; name = Base; path = Base.lproj/LaunchScreen.storyboard; sourceTree = "<group>"; };
		66BCD4001DDAC9FE00C7180D /* Info.plist */ = {isa = PBXFileReference; lastKnownFileType = text.plist.xml; path = Info.plist; sourceTree = "<group>"; };
		66BCD4051DDAC9FE00C7180D /* PDDTests.xctest */ = {isa = PBXFileReference; explicitFileType = wrapper.cfbundle; includeInIndex = 0; path = PDDTests.xctest; sourceTree = BUILT_PRODUCTS_DIR; };
		66BCD4101DDAC9FE00C7180D /* PDDUITests.xctest */ = {isa = PBXFileReference; explicitFileType = wrapper.cfbundle; includeInIndex = 0; path = PDDUITests.xctest; sourceTree = BUILT_PRODUCTS_DIR; };
		66BCD4141DDAC9FE00C7180D /* PDD_test1UITests.swift */ = {isa = PBXFileReference; lastKnownFileType = sourcecode.swift; path = PDD_test1UITests.swift; sourceTree = "<group>"; };
		66BCD4161DDAC9FE00C7180D /* Info.plist */ = {isa = PBXFileReference; lastKnownFileType = text.plist.xml; path = Info.plist; sourceTree = "<group>"; };
/* End PBXFileReference section */

/* Begin PBXFrameworksBuildPhase section */
		66BCD3EE1DDAC9FE00C7180D /* Frameworks */ = {
			isa = PBXFrameworksBuildPhase;
			buildActionMask = 2147483647;
			files = (
			);
			runOnlyForDeploymentPostprocessing = 0;
		};
		66BCD4021DDAC9FE00C7180D /* Frameworks */ = {
			isa = PBXFrameworksBuildPhase;
			buildActionMask = 2147483647;
			files = (
			);
			runOnlyForDeploymentPostprocessing = 0;
		};
		66BCD40D1DDAC9FE00C7180D /* Frameworks */ = {
			isa = PBXFrameworksBuildPhase;
			buildActionMask = 2147483647;
			files = (
			);
			runOnlyForDeploymentPostprocessing = 0;
		};
/* End PBXFrameworksBuildPhase section */

/* Begin PBXGroup section */
		66BCD3E81DDAC9FE00C7180D = {
			isa = PBXGroup;
			children = (
				66BCD3F31DDAC9FE00C7180D /* PDD */,
				66BCD4131DDAC9FE00C7180D /* PDDUITests */,
				66BCD3F21DDAC9FE00C7180D /* Products */,
			);
			sourceTree = "<group>";
		};
		66BCD3F21DDAC9FE00C7180D /* Products */ = {
			isa = PBXGroup;
			children = (
				66BCD3F11DDAC9FE00C7180D /* PDD.app */,
				66BCD4051DDAC9FE00C7180D /* PDDTests.xctest */,
				66BCD4101DDAC9FE00C7180D /* PDDUITests.xctest */,
			);
			name = Products;
			sourceTree = "<group>";
		};
		66BCD3F31DDAC9FE00C7180D /* PDD */ = {
			isa = PBXGroup;
			children = (
				66BCD3F41DDAC9FE00C7180D /* AppDelegate.swift */,
				66BCD3F61DDAC9FE00C7180D /* ViewController.swift */,
				66BCD3F81DDAC9FE00C7180D /* Main.storyboard */,
				6674168D1DEAD83B001861DB /* Doctor.swift */,
				6674168F1DEAD8DF001861DB /* DoctorTableViewController.swift */,
				66BCD3FB1DDAC9FE00C7180D /* Assets.xcassets */,
				667416911DEAEA73001861DB /* DoctorCell.swift */,
				66BCD3FD1DDAC9FE00C7180D /* LaunchScreen.storyboard */,
				66BCD4001DDAC9FE00C7180D /* Info.plist */,
			);
			name = PDD;
			path = PDD_test1;
			sourceTree = "<group>";
		};
		66BCD4131DDAC9FE00C7180D /* PDDUITests */ = {
			isa = PBXGroup;
			children = (
				66BCD4141DDAC9FE00C7180D /* PDD_test1UITests.swift */,
				66BCD4161DDAC9FE00C7180D /* Info.plist */,
			);
			name = PDDUITests;
			path = PDD_test1UITests;
			sourceTree = "<group>";
		};
/* End PBXGroup section */

/* Begin PBXNativeTarget section */
		66BCD3F01DDAC9FE00C7180D /* PDD */ = {
			isa = PBXNativeTarget;
			buildConfigurationList = 66BCD4191DDAC9FE00C7180D /* Build configuration list for PBXNativeTarget "PDD" */;
			buildPhases = (
				66BCD3ED1DDAC9FE00C7180D /* Sources */,
				66BCD3EE1DDAC9FE00C7180D /* Frameworks */,
				66BCD3EF1DDAC9FE00C7180D /* Resources */,
			);
			buildRules = (
			);
			dependencies = (
			);
			name = PDD;
			productName = PDD_test1;
			productReference = 66BCD3F11DDAC9FE00C7180D /* PDD.app */;
			productType = "com.apple.product-type.application";
		};
		66BCD4041DDAC9FE00C7180D /* PDDTests */ = {
			isa = PBXNativeTarget;
			buildConfigurationList = 66BCD41C1DDAC9FE00C7180D /* Build configuration list for PBXNativeTarget "PDDTests" */;
			buildPhases = (
				66BCD4011DDAC9FE00C7180D /* Sources */,
				66BCD4021DDAC9FE00C7180D /* Frameworks */,
				66BCD4031DDAC9FE00C7180D /* Resources */,
			);
			buildRules = (
			);
			dependencies = (
				66BCD4071DDAC9FE00C7180D /* PBXTargetDependency */,
			);
			name = PDDTests;
			productName = PDD_test1Tests;
			productReference = 66BCD4051DDAC9FE00C7180D /* PDDTests.xctest */;
			productType = "com.apple.product-type.bundle.unit-test";
		};
		66BCD40F1DDAC9FE00C7180D /* PDDUITests */ = {
			isa = PBXNativeTarget;
			buildConfigurationList = 66BCD41F1DDAC9FE00C7180D /* Build configuration list for PBXNativeTarget "PDDUITests" */;
			buildPhases = (
				66BCD40C1DDAC9FE00C7180D /* Sources */,
				66BCD40D1DDAC9FE00C7180D /* Frameworks */,
				66BCD40E1DDAC9FE00C7180D /* Resources */,
			);
			buildRules = (
			);
			dependencies = (
				66BCD4121DDAC9FE00C7180D /* PBXTargetDependency */,
			);
			name = PDDUITests;
			productName = PDD_test1UITests;
			productReference = 66BCD4101DDAC9FE00C7180D /* PDDUITests.xctest */;
			productType = "com.apple.product-type.bundle.ui-testing";
		};
/* End PBXNativeTarget section */

/* Begin PBXProject section */
		66BCD3E91DDAC9FE00C7180D /* Project object */ = {
			isa = PBXProject;
			attributes = {
				LastSwiftUpdateCheck = 0810;
				LastUpgradeCheck = 0810;
				ORGANIZATIONNAME = XDeveloper;
				TargetAttributes = {
					66BCD3F01DDAC9FE00C7180D = {
						CreatedOnToolsVersion = 8.1;
						ProvisioningStyle = Automatic;
					};
					66BCD4041DDAC9FE00C7180D = {
						CreatedOnToolsVersion = 8.1;
						ProvisioningStyle = Automatic;
						TestTargetID = 66BCD3F01DDAC9FE00C7180D;
					};
					66BCD40F1DDAC9FE00C7180D = {
						CreatedOnToolsVersion = 8.1;
						ProvisioningStyle = Automatic;
						TestTargetID = 66BCD3F01DDAC9FE00C7180D;
					};
				};
			};
			buildConfigurationList = 66BCD3EC1DDAC9FE00C7180D /* Build configuration list for PBXProject "PDD" */;
			compatibilityVersion = "Xcode 3.2";
			developmentRegion = English;
			hasScannedForEncodings = 0;
			knownRegions = (
				en,
				Base,
			);
			mainGroup = 66BCD3E81DDAC9FE00C7180D;
			productRefGroup = 66BCD3F21DDAC9FE00C7180D /* Products */;
			projectDirPath = "";
			projectRoot = "";
			targets = (
				66BCD3F01DDAC9FE00C7180D /* PDD */,
				66BCD4041DDAC9FE00C7180D /* PDDTests */,
				66BCD40F1DDAC9FE00C7180D /* PDDUITests */,
			);
		};
/* End PBXProject section */

/* Begin PBXResourcesBuildPhase section */
		66BCD3EF1DDAC9FE00C7180D /* Resources */ = {
			isa = PBXResourcesBuildPhase;
			buildActionMask = 2147483647;
			files = (
				66BCD3FF1DDAC9FE00C7180D /* LaunchScreen.storyboard in Resources */,
				66BCD3FC1DDAC9FE00C7180D /* Assets.xcassets in Resources */,
				66BCD3FA1DDAC9FE00C7180D /* Main.storyboard in Resources */,
			);
			runOnlyForDeploymentPostprocessing = 0;
		};
		66BCD4031DDAC9FE00C7180D /* Resources */ = {
			isa = PBXResourcesBuildPhase;
			buildActionMask = 2147483647;
			files = (
			);
			runOnlyForDeploymentPostprocessing = 0;
		};
		66BCD40E1DDAC9FE00C7180D /* Resources */ = {
			isa = PBXResourcesBuildPhase;
			buildActionMask = 2147483647;
			files = (
			);
			runOnlyForDeploymentPostprocessing = 0;
		};
/* End PBXResourcesBuildPhase section */

/* Begin PBXSourcesBuildPhase section */
		66BCD3ED1DDAC9FE00C7180D /* Sources */ = {
			isa = PBXSourcesBuildPhase;
			buildActionMask = 2147483647;
			files = (
				667416901DEAD8DF001861DB /* DoctorTableViewController.swift in Sources */,
				6674168E1DEAD83B001861DB /* Doctor.swift in Sources */,
				66BCD3F71DDAC9FE00C7180D /* ViewController.swift in Sources */,
				66BCD3F51DDAC9FE00C7180D /* AppDelegate.swift in Sources */,
				667416921DEAEA73001861DB /* DoctorCell.swift in Sources */,
			);
			runOnlyForDeploymentPostprocessing = 0;
		};
		66BCD4011DDAC9FE00C7180D /* Sources */ = {
			isa = PBXSourcesBuildPhase;
			buildActionMask = 2147483647;
			files = (
			);
			runOnlyForDeploymentPostprocessing = 0;
		};
		66BCD40C1DDAC9FE00C7180D /* Sources */ = {
			isa = PBXSourcesBuildPhase;
			buildActionMask = 2147483647;
			files = (
				66BCD4151DDAC9FE00C7180D /* PDD_test1UITests.swift in Sources */,
			);
			runOnlyForDeploymentPostprocessing = 0;
		};
/* End PBXSourcesBuildPhase section */

/* Begin PBXTargetDependency section */
		66BCD4071DDAC9FE00C7180D /* PBXTargetDependency */ = {
			isa = PBXTargetDependency;
			target = 66BCD3F01DDAC9FE00C7180D /* PDD */;
			targetProxy = 66BCD4061DDAC9FE00C7180D /* PBXContainerItemProxy */;
		};
		66BCD4121DDAC9FE00C7180D /* PBXTargetDependency */ = {
			isa = PBXTargetDependency;
			target = 66BCD3F01DDAC9FE00C7180D /* PDD */;
			targetProxy = 66BCD4111DDAC9FE00C7180D /* PBXContainerItemProxy */;
		};
/* End PBXTargetDependency section */

/* Begin PBXVariantGroup section */
		66BCD3F81DDAC9FE00C7180D /* Main.storyboard */ = {
			isa = PBXVariantGroup;
			children = (
				66BCD3F91DDAC9FE00C7180D /* Base */,
			);
			name = Main.storyboard;
			sourceTree = "<group>";
		};
		66BCD3FD1DDAC9FE00C7180D /* LaunchScreen.storyboard */ = {
			isa = PBXVariantGroup;
			children = (
				66BCD3FE1DDAC9FE00C7180D /* Base */,
			);
			name = LaunchScreen.storyboard;
			sourceTree = "<group>";
		};
/* End PBXVariantGroup section */

/* Begin XCBuildConfiguration section */
		66BCD4171DDAC9FE00C7180D /* Debug */ = {
			isa = XCBuildConfiguration;
			buildSettings = {
				ALWAYS_SEARCH_USER_PATHS = NO;
				CLANG_ANALYZER_NONNULL = YES;
				CLANG_CXX_LANGUAGE_STANDARD = "gnu++0x";
				CLANG_CXX_LIBRARY = "libc++";
				CLANG_ENABLE_MODULES = YES;
				CLANG_ENABLE_OBJC_ARC = YES;
				CLANG_WARN_BOOL_CONVERSION = YES;
				CLANG_WARN_CONSTANT_CONVERSION = YES;
				CLANG_WARN_DIRECT_OBJC_ISA_USAGE = YES_ERROR;
				CLANG_WARN_DOCUMENTATION_COMMENTS = YES;
				CLANG_WARN_EMPTY_BODY = YES;
				CLANG_WARN_ENUM_CONVERSION = YES;
				CLANG_WARN_INFINITE_RECURSION = YES;
				CLANG_WARN_INT_CONVERSION = YES;
				CLANG_WARN_OBJC_ROOT_CLASS = YES_ERROR;
				CLANG_WARN_SUSPICIOUS_MOVES = YES;
				CLANG_WARN_UNREACHABLE_CODE = YES;
				CLANG_WARN__DUPLICATE_METHOD_MATCH = YES;
				"CODE_SIGN_IDENTITY[sdk=iphoneos*]" = "iPhone Developer";
				COPY_PHASE_STRIP = NO;
				DEBUG_INFORMATION_FORMAT = dwarf;
				ENABLE_STRICT_OBJC_MSGSEND = YES;
				ENABLE_TESTABILITY = YES;
				GCC_C_LANGUAGE_STANDARD = gnu99;
				GCC_DYNAMIC_NO_PIC = NO;
				GCC_NO_COMMON_BLOCKS = YES;
				GCC_OPTIMIZATION_LEVEL = 0;
				GCC_PREPROCESSOR_DEFINITIONS = (
					"DEBUG=1",
					"$(inherited)",
				);
				GCC_WARN_64_TO_32_BIT_CONVERSION = YES;
				GCC_WARN_ABOUT_RETURN_TYPE = YES_ERROR;
				GCC_WARN_UNDECLARED_SELECTOR = YES;
				GCC_WARN_UNINITIALIZED_AUTOS = YES_AGGRESSIVE;
				GCC_WARN_UNUSED_FUNCTION = YES;
				GCC_WARN_UNUSED_VARIABLE = YES;
				IPHONEOS_DEPLOYMENT_TARGET = 10.1;
				MTL_ENABLE_DEBUG_INFO = YES;
				ONLY_ACTIVE_ARCH = YES;
				SDKROOT = iphoneos;
				SWIFT_ACTIVE_COMPILATION_CONDITIONS = DEBUG;
				SWIFT_OPTIMIZATION_LEVEL = "-Onone";
				TARGETED_DEVICE_FAMILY = "1,2";
			};
			name = Debug;
		};
		66BCD4181DDAC9FE00C7180D /* Release */ = {
			isa = XCBuildConfiguration;
			buildSettings = {
				ALWAYS_SEARCH_USER_PATHS = NO;
				CLANG_ANALYZER_NONNULL = YES;
				CLANG_CXX_LANGUAGE_STANDARD = "gnu++0x";
				CLANG_CXX_LIBRARY = "libc++";
				CLANG_ENABLE_MODULES = YES;
				CLANG_ENABLE_OBJC_ARC = YES;
				CLANG_WARN_BOOL_CONVERSION = YES;
				CLANG_WARN_CONSTANT_CONVERSION = YES;
				CLANG_WARN_DIRECT_OBJC_ISA_USAGE = YES_ERROR;
				CLANG_WARN_DOCUMENTATION_COMMENTS = YES;
				CLANG_WARN_EMPTY_BODY = YES;
				CLANG_WARN_ENUM_CONVERSION = YES;
				CLANG_WARN_INFINITE_RECURSION = YES;
				CLANG_WARN_INT_CONVERSION = YES;
				CLANG_WARN_OBJC_ROOT_CLASS = YES_ERROR;
				CLANG_WARN_SUSPICIOUS_MOVES = YES;
				CLANG_WARN_UNREACHABLE_CODE = YES;
				CLANG_WARN__DUPLICATE_METHOD_MATCH = YES;
				"CODE_SIGN_IDENTITY[sdk=iphoneos*]" = "iPhone Developer";
				COPY_PHASE_STRIP = NO;
				DEBUG_INFORMATION_FORMAT = "dwarf-with-dsym";
				ENABLE_NS_ASSERTIONS = NO;
				ENABLE_STRICT_OBJC_MSGSEND = YES;
				GCC_C_LANGUAGE_STANDARD = gnu99;
				GCC_NO_COMMON_BLOCKS = YES;
				GCC_WARN_64_TO_32_BIT_CONVERSION = YES;
				GCC_WARN_ABOUT_RETURN_TYPE = YES_ERROR;
				GCC_WARN_UNDECLARED_SELECTOR = YES;
				GCC_WARN_UNINITIALIZED_AUTOS = YES_AGGRESSIVE;
				GCC_WARN_UNUSED_FUNCTION = YES;
				GCC_WARN_UNUSED_VARIABLE = YES;
				IPHONEOS_DEPLOYMENT_TARGET = 10.1;
				MTL_ENABLE_DEBUG_INFO = NO;
				SDKROOT = iphoneos;
				SWIFT_OPTIMIZATION_LEVEL = "-Owholemodule";
				TARGETED_DEVICE_FAMILY = "1,2";
				VALIDATE_PRODUCT = YES;
			};
			name = Release;
		};
		66BCD41A1DDAC9FE00C7180D /* Debug */ = {
			isa = XCBuildConfiguration;
			buildSettings = {
				ASSETCATALOG_COMPILER_APPICON_NAME = AppIcon;
				INFOPLIST_FILE = PDD_test1/Info.plist;
				LD_RUNPATH_SEARCH_PATHS = "$(inherited) @executable_path/Frameworks";
				PRODUCT_BUNDLE_IDENTIFIER = "hkbu.PDD-test1";
				PRODUCT_NAME = "$(TARGET_NAME)";
				SWIFT_VERSION = 3.0;
			};
			name = Debug;
		};
		66BCD41B1DDAC9FE00C7180D /* Release */ = {
			isa = XCBuildConfiguration;
			buildSettings = {
				ASSETCATALOG_COMPILER_APPICON_NAME = AppIcon;
				INFOPLIST_FILE = PDD_test1/Info.plist;
				LD_RUNPATH_SEARCH_PATHS = "$(inherited) @executable_path/Frameworks";
				PRODUCT_BUNDLE_IDENTIFIER = "hkbu.PDD-test1";
				PRODUCT_NAME = "$(TARGET_NAME)";
				SWIFT_VERSION = 3.0;
			};
			name = Release;
		};
		66BCD41D1DDAC9FE00C7180D /* Debug */ = {
			isa = XCBuildConfiguration;
			buildSettings = {
				ALWAYS_EMBED_SWIFT_STANDARD_LIBRARIES = YES;
				BUNDLE_LOADER = "$(TEST_HOST)";
				INFOPLIST_FILE = PDD_test1Tests/Info.plist;
				LD_RUNPATH_SEARCH_PATHS = "$(inherited) @executable_path/Frameworks @loader_path/Frameworks";
				PRODUCT_BUNDLE_IDENTIFIER = "hkbu.PDD-test1Tests";
				PRODUCT_NAME = "$(TARGET_NAME)";
				SWIFT_VERSION = 3.0;
				TEST_HOST = "$(BUILT_PRODUCTS_DIR)/PDD.app/PDD";
			};
			name = Debug;
		};
		66BCD41E1DDAC9FE00C7180D /* Release */ = {
			isa = XCBuildConfiguration;
			buildSettings = {
				ALWAYS_EMBED_SWIFT_STANDARD_LIBRARIES = YES;
				BUNDLE_LOADER = "$(TEST_HOST)";
				INFOPLIST_FILE = PDD_test1Tests/Info.plist;
				LD_RUNPATH_SEARCH_PATHS = "$(inherited) @executable_path/Frameworks @loader_path/Frameworks";
				PRODUCT_BUNDLE_IDENTIFIER = "hkbu.PDD-test1Tests";
				PRODUCT_NAME = "$(TARGET_NAME)";
				SWIFT_VERSION = 3.0;
				TEST_HOST = "$(BUILT_PRODUCTS_DIR)/PDD.app/PDD";
			};
			name = Release;
		};
		66BCD4201DDAC9FE00C7180D /* Debug */ = {
			isa = XCBuildConfiguration;
			buildSettings = {
				ALWAYS_EMBED_SWIFT_STANDARD_LIBRARIES = YES;
				INFOPLIST_FILE = PDD_test1UITests/Info.plist;
				LD_RUNPATH_SEARCH_PATHS = "$(inherited) @executable_path/Frameworks @loader_path/Frameworks";
				PRODUCT_BUNDLE_IDENTIFIER = "hkbu.PDD-test1UITests";
				PRODUCT_NAME = "$(TARGET_NAME)";
				SWIFT_VERSION = 3.0;
				TEST_TARGET_NAME = PDD_test1;
			};
			name = Debug;
		};
		66BCD4211DDAC9FE00C7180D /* Release */ = {
			isa = XCBuildConfiguration;
			buildSettings = {
				ALWAYS_EMBED_SWIFT_STANDARD_LIBRARIES = YES;
				INFOPLIST_FILE = PDD_test1UITests/Info.plist;
				LD_RUNPATH_SEARCH_PATHS = "$(inherited) @executable_path/Frameworks @loader_path/Frameworks";
				PRODUCT_BUNDLE_IDENTIFIER = "hkbu.PDD-test1UITests";
				PRODUCT_NAME = "$(TARGET_NAME)";
				SWIFT_VERSION = 3.0;
				TEST_TARGET_NAME = PDD_test1;
			};
			name = Release;
		};
/* End XCBuildConfiguration section */

/* Begin XCConfigurationList section */
		66BCD3EC1DDAC9FE00C7180D /* Build configuration list for PBXProject "PDD" */ = {
			isa = XCConfigurationList;
			buildConfigurations = (
				66BCD4171DDAC9FE00C7180D /* Debug */,
				66BCD4181DDAC9FE00C7180D /* Release */,
			);
			defaultConfigurationIsVisible = 0;
			defaultConfigurationName = Release;
		};
		66BCD4191DDAC9FE00C7180D /* Build configuration list for PBXNativeTarget "PDD" */ = {
			isa = XCConfigurationList;
			buildConfigurations = (
				66BCD41A1DDAC9FE00C7180D /* Debug */,
				66BCD41B1DDAC9FE00C7180D /* Release */,
			);
			defaultConfigurationIsVisible = 0;
			defaultConfigurationName = Release;
		};
		66BCD41C1DDAC9FE00C7180D /* Build configuration list for PBXNativeTarget "PDDTests" */ = {
			isa = XCConfigurationList;
			buildConfigurations = (
				66BCD41D1DDAC9FE00C7180D /* Debug */,
				66BCD41E1DDAC9FE00C7180D /* Release */,
			);
			defaultConfigurationIsVisible = 0;
			defaultConfigurationName = Release;
		};
		66BCD41F1DDAC9FE00C7180D /* Build configuration list for PBXNativeTarget "PDDUITests" */ = {
			isa = XCConfigurationList;
			buildConfigurations = (
				66BCD4201DDAC9FE00C7180D /* Debug */,
				66BCD4211DDAC9FE00C7180D /* Release */,
			);
			defaultConfigurationIsVisible = 0;
			defaultConfigurationName = Release;
		};
/* End XCConfigurationList section */
	};
	rootObject = 66BCD3E91DDAC9FE00C7180D /* Project object */;
}
